
Microsoft Visual Studio Solution File, Format Version 12.00
# Visual Studio 15
VisualStudioVersion = 15.0.26430.14
MinimumVisualStudioVersion = 10.0.40219.1
Project("{2150E333-8FDC-42A3-9474-1A3956D46DE8}") = "Solution Items", "Solution Items", "{C3BE00E6-488F-416E-9994-7D0E7D86A6BD}"
	ProjectSection(SolutionItems) = preProject
		.gitignore = .gitignore
		LICENSE = LICENSE
		README.md = README.md
		Settings.StyleCop = Settings.StyleCop
		TestingServerlessApplications.sln.DotSettings = TestingServerlessApplications.sln.DotSettings
	EndProjectSection
EndProject
Project("{2150E333-8FDC-42A3-9474-1A3956D46DE8}") = "src", "src", "{C7555045-300C-408B-A291-1AC1F23004E5}"
EndProject
Project("{2150E333-8FDC-42A3-9474-1A3956D46DE8}") = "test", "test", "{9EA19EE3-A8EB-4738-97C2-613F8557C26F}"
EndProject
Project("{FAE04EC0-301F-11D3-BF4B-00C04F79EFBC}") = "Sample.FunctionApp", "src\Sample.FunctionApp\Sample.FunctionApp.csproj", "{6EB17E0C-D2FA-4503-86CA-EBA479F80EB8}"
EndProject
Project("{FAE04EC0-301F-11D3-BF4B-00C04F79EFBC}") = "Sample.Functions", "src\Sample.Functions\Sample.Functions.csproj", "{86AB9678-4E8A-4995-9E6C-5DF63AE3D4EC}"
EndProject
Project("{FAE04EC0-301F-11D3-BF4B-00C04F79EFBC}") = "Sample.Services", "src\Sample.Services\Sample.Services.csproj", "{08753507-37D1-4116-81EE-8B1AB3E2D246}"
EndProject
Project("{FAE04EC0-301F-11D3-BF4B-00C04F79EFBC}") = "Sample.FunctionApp.Tests", "test\Sample.FunctionApp.Tests\Sample.FunctionApp.Tests.csproj", "{BD06D50B-E427-4E60-ADD8-CDF5BFEA7506}"
EndProject
Project("{FAE04EC0-301F-11D3-BF4B-00C04F79EFBC}") = "Sample.Functions.Tests", "test\Sample.Functions.Tests\Sample.Functions.Tests.csproj", "{2296B871-2BD2-453B-982E-22B7F40E9496}"
EndProject
Project("{FAE04EC0-301F-11D3-BF4B-00C04F79EFBC}") = "Sample.Services.Tests", "test\Sample.Services.Tests\Sample.Services.Tests.csproj", "{5D41AF51-6A2E-4C04-959E-F307ECA49641}"
EndProject
Project("{151D2E53-A2C4-4D7D-83FE-D05416EBD58E}") = "Sample.Workflows", "src\Sample.Workflows\Sample.Workflows.deployproj", "{321711B7-6075-4F96-B5EF-12C9CF64CD88}"
EndProject
Project("{151D2E53-A2C4-4D7D-83FE-D05416EBD58E}") = "Sample.Workflows.Tests", "test\Sample.Workflows.Tests\Sample.Workflows.Tests.deployproj", "{525C56AE-15AA-474A-8CC2-E4E9630EC314}"
EndProject
Project("{FAE04EC0-301F-11D3-BF4B-00C04F79EFBC}") = "Sample.Models", "src\Sample.Models\Sample.Models.csproj", "{FF597486-5CB1-40EA-A6C1-DECF129E0D96}"
EndProject
Project("{FAE04EC0-301F-11D3-BF4B-00C04F79EFBC}") = "Sample.Extensions", "src\Sample.Extensions\Sample.Extensions.csproj", "{4FDFE53F-1EDD-4969-9CAE-53E8F998D72A}"
EndProject
Project("{FAE04EC0-301F-11D3-BF4B-00C04F79EFBC}") = "Sample.Extensions.Tests", "test\Sample.Extensions.Tests\Sample.Extensions.Tests.csproj", "{6E2504B5-E4DF-4B7C-995A-63B2DA9437D4}"
EndProject
Global
	GlobalSection(SolutionConfigurationPlatforms) = preSolution
		Debug|Any CPU = Debug|Any CPU
		Release|Any CPU = Release|Any CPU
	EndGlobalSection
	GlobalSection(ProjectConfigurationPlatforms) = postSolution
		{6EB17E0C-D2FA-4503-86CA-EBA479F80EB8}.Debug|Any CPU.ActiveCfg = Debug|Any CPU
		{6EB17E0C-D2FA-4503-86CA-EBA479F80EB8}.Debug|Any CPU.Build.0 = Debug|Any CPU
		{6EB17E0C-D2FA-4503-86CA-EBA479F80EB8}.Release|Any CPU.ActiveCfg = Release|Any CPU
		{6EB17E0C-D2FA-4503-86CA-EBA479F80EB8}.Release|Any CPU.Build.0 = Release|Any CPU
		{86AB9678-4E8A-4995-9E6C-5DF63AE3D4EC}.Debug|Any CPU.ActiveCfg = Debug|Any CPU
		{86AB9678-4E8A-4995-9E6C-5DF63AE3D4EC}.Debug|Any CPU.Build.0 = Debug|Any CPU
		{86AB9678-4E8A-4995-9E6C-5DF63AE3D4EC}.Release|Any CPU.ActiveCfg = Release|Any CPU
		{86AB9678-4E8A-4995-9E6C-5DF63AE3D4EC}.Release|Any CPU.Build.0 = Release|Any CPU
		{08753507-37D1-4116-81EE-8B1AB3E2D246}.Debug|Any CPU.ActiveCfg = Debug|Any CPU
		{08753507-37D1-4116-81EE-8B1AB3E2D246}.Debug|Any CPU.Build.0 = Debug|Any CPU
		{08753507-37D1-4116-81EE-8B1AB3E2D246}.Release|Any CPU.ActiveCfg = Release|Any CPU
		{08753507-37D1-4116-81EE-8B1AB3E2D246}.Release|Any CPU.Build.0 = Release|Any CPU
		{BD06D50B-E427-4E60-ADD8-CDF5BFEA7506}.Debug|Any CPU.ActiveCfg = Debug|Any CPU
		{BD06D50B-E427-4E60-ADD8-CDF5BFEA7506}.Debug|Any CPU.Build.0 = Debug|Any CPU
		{BD06D50B-E427-4E60-ADD8-CDF5BFEA7506}.Release|Any CPU.ActiveCfg = Release|Any CPU
		{BD06D50B-E427-4E60-ADD8-CDF5BFEA7506}.Release|Any CPU.Build.0 = Release|Any CPU
		{2296B871-2BD2-453B-982E-22B7F40E9496}.Debug|Any CPU.ActiveCfg = Debug|Any CPU
		{2296B871-2BD2-453B-982E-22B7F40E9496}.Debug|Any CPU.Build.0 = Debug|Any CPU
		{2296B871-2BD2-453B-982E-22B7F40E9496}.Release|Any CPU.ActiveCfg = Release|Any CPU
		{2296B871-2BD2-453B-982E-22B7F40E9496}.Release|Any CPU.Build.0 = Release|Any CPU
		{5D41AF51-6A2E-4C04-959E-F307ECA49641}.Debug|Any CPU.ActiveCfg = Debug|Any CPU
		{5D41AF51-6A2E-4C04-959E-F307ECA49641}.Debug|Any CPU.Build.0 = Debug|Any CPU
		{5D41AF51-6A2E-4C04-959E-F307ECA49641}.Release|Any CPU.ActiveCfg = Release|Any CPU
		{5D41AF51-6A2E-4C04-959E-F307ECA49641}.Release|Any CPU.Build.0 = Release|Any CPU
		{321711B7-6075-4F96-B5EF-12C9CF64CD88}.Debug|Any CPU.ActiveCfg = Debug|Any CPU
		{321711B7-6075-4F96-B5EF-12C9CF64CD88}.Debug|Any CPU.Build.0 = Debug|Any CPU
		{321711B7-6075-4F96-B5EF-12C9CF64CD88}.Release|Any CPU.ActiveCfg = Release|Any CPU
		{321711B7-6075-4F96-B5EF-12C9CF64CD88}.Release|Any CPU.Build.0 = Release|Any CPU
		{525C56AE-15AA-474A-8CC2-E4E9630EC314}.Debug|Any CPU.ActiveCfg = Debug|Any CPU
		{525C56AE-15AA-474A-8CC2-E4E9630EC314}.Debug|Any CPU.Build.0 = Debug|Any CPU
		{525C56AE-15AA-474A-8CC2-E4E9630EC314}.Release|Any CPU.ActiveCfg = Release|Any CPU
		{525C56AE-15AA-474A-8CC2-E4E9630EC314}.Release|Any CPU.Build.0 = Release|Any CPU
		{FF597486-5CB1-40EA-A6C1-DECF129E0D96}.Debug|Any CPU.ActiveCfg = Debug|Any CPU
		{FF597486-5CB1-40EA-A6C1-DECF129E0D96}.Debug|Any CPU.Build.0 = Debug|Any CPU
		{FF597486-5CB1-40EA-A6C1-DECF129E0D96}.Release|Any CPU.ActiveCfg = Release|Any CPU
		{FF597486-5CB1-40EA-A6C1-DECF129E0D96}.Release|Any CPU.Build.0 = Release|Any CPU
		{4FDFE53F-1EDD-4969-9CAE-53E8F998D72A}.Debug|Any CPU.ActiveCfg = Debug|Any CPU
		{4FDFE53F-1EDD-4969-9CAE-53E8F998D72A}.Debug|Any CPU.Build.0 = Debug|Any CPU
		{4FDFE53F-1EDD-4969-9CAE-53E8F998D72A}.Release|Any CPU.ActiveCfg = Release|Any CPU
		{4FDFE53F-1EDD-4969-9CAE-53E8F998D72A}.Release|Any CPU.Build.0 = Release|Any CPU
		{6E2504B5-E4DF-4B7C-995A-63B2DA9437D4}.Debug|Any CPU.ActiveCfg = Debug|Any CPU
		{6E2504B5-E4DF-4B7C-995A-63B2DA9437D4}.Debug|Any CPU.Build.0 = Debug|Any CPU
		{6E2504B5-E4DF-4B7C-995A-63B2DA9437D4}.Release|Any CPU.ActiveCfg = Release|Any CPU
		{6E2504B5-E4DF-4B7C-995A-63B2DA9437D4}.Release|Any CPU.Build.0 = Release|Any CPU
	EndGlobalSection
	GlobalSection(SolutionProperties) = preSolution
		HideSolutionNode = FALSE
	EndGlobalSection
	GlobalSection(NestedProjects) = preSolution
		{6EB17E0C-D2FA-4503-86CA-EBA479F80EB8} = {C7555045-300C-408B-A291-1AC1F23004E5}
		{86AB9678-4E8A-4995-9E6C-5DF63AE3D4EC} = {C7555045-300C-408B-A291-1AC1F23004E5}
		{08753507-37D1-4116-81EE-8B1AB3E2D246} = {C7555045-300C-408B-A291-1AC1F23004E5}
		{BD06D50B-E427-4E60-ADD8-CDF5BFEA7506} = {9EA19EE3-A8EB-4738-97C2-613F8557C26F}
		{2296B871-2BD2-453B-982E-22B7F40E9496} = {9EA19EE3-A8EB-4738-97C2-613F8557C26F}
		{5D41AF51-6A2E-4C04-959E-F307ECA49641} = {9EA19EE3-A8EB-4738-97C2-613F8557C26F}
		{321711B7-6075-4F96-B5EF-12C9CF64CD88} = {C7555045-300C-408B-A291-1AC1F23004E5}
		{525C56AE-15AA-474A-8CC2-E4E9630EC314} = {9EA19EE3-A8EB-4738-97C2-613F8557C26F}
		{FF597486-5CB1-40EA-A6C1-DECF129E0D96} = {C7555045-300C-408B-A291-1AC1F23004E5}
		{4FDFE53F-1EDD-4969-9CAE-53E8F998D72A} = {C7555045-300C-408B-A291-1AC1F23004E5}
		{6E2504B5-E4DF-4B7C-995A-63B2DA9437D4} = {9EA19EE3-A8EB-4738-97C2-613F8557C26F}
	EndGlobalSection
EndGlobal
